
Microsoft Visual Studio Solution File, Format Version 12.00
# Visual Studio Version 17
VisualStudioVersion = 17.0.31808.319
MinimumVisualStudioVersion = 15.0.26124.0
Project("{9A19103F-16F7-4668-BE54-9A1E7A4F7556}") = "Rixian.Extensions.Caching", "src\Rixian.Extensions.Caching\Rixian.Extensions.Caching.csproj", "{48AF861F-1D4A-4B42-A6EF-B7B516EC72B3}"
EndProject
Project("{9A19103F-16F7-4668-BE54-9A1E7A4F7556}") = "Rixian.Extensions.Caching.Tests", "test\Rixian.Extensions.Caching.Tests\Rixian.Extensions.Caching.Tests.csproj", "{B535A5B4-1CD8-46C8-B5EF-AFB2DB4F52EC}"
EndProject
Project("{9A19103F-16F7-4668-BE54-9A1E7A4F7556}") = "Rixian.Extensions.Tokens.Abstractions", "src\Rixian.Extensions.Tokens.Abstractions\Rixian.Extensions.Tokens.Abstractions.csproj", "{B97694C2-5888-4290-B200-8E53379B0CB9}"
EndProject
Project("{9A19103F-16F7-4668-BE54-9A1E7A4F7556}") = "Rixian.Extensions.Tokens", "src\Rixian.Extensions.Tokens\Rixian.Extensions.Tokens.csproj", "{0B06DC78-EAEA-419B-819E-B37B7D64F1FA}"
EndProject
Project("{9A19103F-16F7-4668-BE54-9A1E7A4F7556}") = "Rixian.Extensions.Http", "src\Rixian.Extensions.Http\Rixian.Extensions.Http.csproj", "{80FA55EA-C6B1-48D3-B335-7B797A792491}"
EndProject
Project("{9A19103F-16F7-4668-BE54-9A1E7A4F7556}") = "Rixian.Extensions.Http.Client", "src\Rixian.Extensions.Http.Client\Rixian.Extensions.Http.Client.csproj", "{D062B8A3-9811-484D-AC0D-55D4D5450BC9}"
EndProject
Project("{9A19103F-16F7-4668-BE54-9A1E7A4F7556}") = "Rixian.Extensions.Errors", "src\Rixian.Extensions.Errors\Rixian.Extensions.Errors.csproj", "{4FDF9FC6-3051-4D76-BE97-97C2A82F42EF}"
EndProject
Project("{9A19103F-16F7-4668-BE54-9A1E7A4F7556}") = "Rixian.Extensions.DependencyInjection", "src\Rixian.Extensions.DependencyInjection\Rixian.Extensions.DependencyInjection.csproj", "{84E79C49-62E9-479F-817B-1D6FEFF6D984}"
EndProject
Project("{9A19103F-16F7-4668-BE54-9A1E7A4F7556}") = "Rixian.Extensions.Dapr", "src\Rixian.Extensions.Dapr\Rixian.Extensions.Dapr.csproj", "{677493AF-718B-459C-85BE-97DDC698FA0B}"
EndProject
Project("{9A19103F-16F7-4668-BE54-9A1E7A4F7556}") = "Rixian.Extensions.AspNetCore", "src\Rixian.Extensions.AspNetCore\Rixian.Extensions.AspNetCore.csproj", "{CEE66BBB-8FC7-4238-AA03-62E82FB5E0B0}"
EndProject
Project("{9A19103F-16F7-4668-BE54-9A1E7A4F7556}") = "Rixian.Extensions.AspNetCore.Api", "src\Rixian.Extensions.AspNetCore.Api\Rixian.Extensions.AspNetCore.Api.csproj", "{3813ECFE-9B09-47ED-8D71-40DE378B719C}"
EndProject
Project("{9A19103F-16F7-4668-BE54-9A1E7A4F7556}") = "Rixian.Extensions.ApplicationInsights", "src\Rixian.Extensions.ApplicationInsights\Rixian.Extensions.ApplicationInsights.csproj", "{7E1F4F17-CAAF-4DA1-87DE-DA340CFE7798}"
EndProject
Project("{9A19103F-16F7-4668-BE54-9A1E7A4F7556}") = "Rixian.Extensions.ApplicationInsights.Kubernetes", "src\Rixian.Extensions.ApplicationInsights.Kubernetes\Rixian.Extensions.ApplicationInsights.Kubernetes.csproj", "{6C184BA8-885D-4C96-AB51-E284CB9DB050}"
EndProject
Project("{9A19103F-16F7-4668-BE54-9A1E7A4F7556}") = "Rixian.Extensions.ApplicationInsights.WorkerService", "src\Rixian.Extensions.ApplicationInsights.WorkerService\Rixian.Extensions.ApplicationInsights.WorkerService.csproj", "{DF148628-8836-4DA4-84AB-A7AEECF84AB0}"
EndProject
Project("{9A19103F-16F7-4668-BE54-9A1E7A4F7556}") = "Rixian.Extensions.AspNetCore.ApplicationInsights", "src\Rixian.Extensions.AspNetCore.ApplicationInsights\Rixian.Extensions.AspNetCore.ApplicationInsights.csproj", "{2BA8F3F5-193B-451B-9695-1A775541C3E1}"
EndProject
Project("{9A19103F-16F7-4668-BE54-9A1E7A4F7556}") = "Rixian.Extensions.AspNetCore.DataProtection", "src\Rixian.Extensions.AspNetCore.DataProtection\Rixian.Extensions.AspNetCore.DataProtection.csproj", "{A8CD853E-BFFD-498C-9F34-530F0B1667A9}"
EndProject
Project("{9A19103F-16F7-4668-BE54-9A1E7A4F7556}") = "Rixian.Extensions.ApplicationServices.Abstractions", "src\Rixian.Extensions.ApplicationServices.Abstractions\Rixian.Extensions.ApplicationServices.Abstractions.csproj", "{E1476DEB-A17A-46C4-B4C8-567586292393}"
EndProject
Project("{9A19103F-16F7-4668-BE54-9A1E7A4F7556}") = "Rixian.Extensions.ApplicationServices.Dapr", "src\Rixian.Extensions.ApplicationServices.Dapr\Rixian.Extensions.ApplicationServices.Dapr.csproj", "{6F1C4B6B-C572-465C-B161-42FBE1EA38BC}"
EndProject
Project("{2150E333-8FDC-42A3-9474-1A3956D46DE8}") = "test", "test", "{CCB7D418-5E29-43E8-92CE-3B9DFF8F8CCE}"
	ProjectSection(SolutionItems) = preProject
		test\.editorconfig = test\.editorconfig
		test\Directory.Build.props = test\Directory.Build.props
		test\Directory.Build.targets = test\Directory.Build.targets
	EndProjectSection
EndProject
Project("{9A19103F-16F7-4668-BE54-9A1E7A4F7556}") = "Rixian.Extensions.Errors.Tests", "test\Rixian.Extensions.Errors.Tests\Rixian.Extensions.Errors.Tests.csproj", "{BDFA57DB-2BF7-4C1B-B529-DB0618D00A36}"
EndProject
Project("{2150E333-8FDC-42A3-9474-1A3956D46DE8}") = "src", "src", "{D40E1178-37B4-45EE-AF92-A1D16819D634}"
	ProjectSection(SolutionItems) = preProject
		src\.editorconfig = src\.editorconfig
		src\Directory.Build.props = src\Directory.Build.props
		src\Directory.Build.targets = src\Directory.Build.targets
	EndProjectSection
EndProject
Project("{2150E333-8FDC-42A3-9474-1A3956D46DE8}") = "_sln", "_sln", "{04A01E66-9C89-4C74-8110-2A001CF9746C}"
	ProjectSection(SolutionItems) = preProject
		.codacy.yaml = .codacy.yaml
		.editorconfig = .editorconfig
		.gitattributes = .gitattributes
		.gitignore = .gitignore
		CONTRIBUTING.md = CONTRIBUTING.md
		Directory.Build.props = Directory.Build.props
		Directory.Build.rsp = Directory.Build.rsp
		Directory.Build.targets = Directory.Build.targets
		global.json = global.json
		icon.png = icon.png
		init.cmd = init.cmd
		init.ps1 = init.ps1
		LICENSE = LICENSE
		nuget.config = nuget.config
		README.md = README.md
		stylecop.json = stylecop.json
		version.json = version.json
	EndProjectSection
EndProject
Project("{FAE04EC0-301F-11D3-BF4B-00C04F79EFBC}") = "Rixian.Extensions.Http.Tests", "test\Rixian.Extensions.Http.Tests\Rixian.Extensions.Http.Tests.csproj", "{6230E900-BE4C-42F9-8E6B-F4B7FD957058}"
EndProject
Project("{FAE04EC0-301F-11D3-BF4B-00C04F79EFBC}") = "Rixian.Extensions.Tokens.Tests", "test\Rixian.Extensions.Tokens.Tests\Rixian.Extensions.Tokens.Tests.csproj", "{C3FACEC0-D2FD-49FD-887F-2E6BE75B5FAF}"
EndProject
Project("{FAE04EC0-301F-11D3-BF4B-00C04F79EFBC}") = "Rixian.Extensions.AspNetCore.Tests", "test\Rixian.Extensions.AspNetCore.Tests\Rixian.Extensions.AspNetCore.Tests.csproj", "{298BACF1-7008-4052-939B-9F3686562304}"
EndProject
Global
	GlobalSection(SolutionConfigurationPlatforms) = preSolution
		Debug|Any CPU = Debug|Any CPU
		Debug|x64 = Debug|x64
		Debug|x86 = Debug|x86
		Release|Any CPU = Release|Any CPU
		Release|x64 = Release|x64
		Release|x86 = Release|x86
	EndGlobalSection
	GlobalSection(ProjectConfigurationPlatforms) = postSolution
		{48AF861F-1D4A-4B42-A6EF-B7B516EC72B3}.Debug|Any CPU.ActiveCfg = Debug|Any CPU
		{48AF861F-1D4A-4B42-A6EF-B7B516EC72B3}.Debug|Any CPU.Build.0 = Debug|Any CPU
		{48AF861F-1D4A-4B42-A6EF-B7B516EC72B3}.Debug|x64.ActiveCfg = Debug|Any CPU
		{48AF861F-1D4A-4B42-A6EF-B7B516EC72B3}.Debug|x64.Build.0 = Debug|Any CPU
		{48AF861F-1D4A-4B42-A6EF-B7B516EC72B3}.Debug|x86.ActiveCfg = Debug|Any CPU
		{48AF861F-1D4A-4B42-A6EF-B7B516EC72B3}.Debug|x86.Build.0 = Debug|Any CPU
		{48AF861F-1D4A-4B42-A6EF-B7B516EC72B3}.Release|Any CPU.ActiveCfg = Release|Any CPU
		{48AF861F-1D4A-4B42-A6EF-B7B516EC72B3}.Release|Any CPU.Build.0 = Release|Any CPU
		{48AF861F-1D4A-4B42-A6EF-B7B516EC72B3}.Release|x64.ActiveCfg = Release|Any CPU
		{48AF861F-1D4A-4B42-A6EF-B7B516EC72B3}.Release|x64.Build.0 = Release|Any CPU
		{48AF861F-1D4A-4B42-A6EF-B7B516EC72B3}.Release|x86.ActiveCfg = Release|Any CPU
		{48AF861F-1D4A-4B42-A6EF-B7B516EC72B3}.Release|x86.Build.0 = Release|Any CPU
		{B535A5B4-1CD8-46C8-B5EF-AFB2DB4F52EC}.Debug|Any CPU.ActiveCfg = Debug|Any CPU
		{B535A5B4-1CD8-46C8-B5EF-AFB2DB4F52EC}.Debug|Any CPU.Build.0 = Debug|Any CPU
		{B535A5B4-1CD8-46C8-B5EF-AFB2DB4F52EC}.Debug|x64.ActiveCfg = Debug|Any CPU
		{B535A5B4-1CD8-46C8-B5EF-AFB2DB4F52EC}.Debug|x64.Build.0 = Debug|Any CPU
		{B535A5B4-1CD8-46C8-B5EF-AFB2DB4F52EC}.Debug|x86.ActiveCfg = Debug|Any CPU
		{B535A5B4-1CD8-46C8-B5EF-AFB2DB4F52EC}.Debug|x86.Build.0 = Debug|Any CPU
		{B535A5B4-1CD8-46C8-B5EF-AFB2DB4F52EC}.Release|Any CPU.ActiveCfg = Release|Any CPU
		{B535A5B4-1CD8-46C8-B5EF-AFB2DB4F52EC}.Release|Any CPU.Build.0 = Release|Any CPU
		{B535A5B4-1CD8-46C8-B5EF-AFB2DB4F52EC}.Release|x64.ActiveCfg = Release|Any CPU
		{B535A5B4-1CD8-46C8-B5EF-AFB2DB4F52EC}.Release|x64.Build.0 = Release|Any CPU
		{B535A5B4-1CD8-46C8-B5EF-AFB2DB4F52EC}.Release|x86.ActiveCfg = Release|Any CPU
		{B535A5B4-1CD8-46C8-B5EF-AFB2DB4F52EC}.Release|x86.Build.0 = Release|Any CPU
		{B97694C2-5888-4290-B200-8E53379B0CB9}.Debug|Any CPU.ActiveCfg = Debug|Any CPU
		{B97694C2-5888-4290-B200-8E53379B0CB9}.Debug|Any CPU.Build.0 = Debug|Any CPU
		{B97694C2-5888-4290-B200-8E53379B0CB9}.Debug|x64.ActiveCfg = Debug|Any CPU
		{B97694C2-5888-4290-B200-8E53379B0CB9}.Debug|x64.Build.0 = Debug|Any CPU
		{B97694C2-5888-4290-B200-8E53379B0CB9}.Debug|x86.ActiveCfg = Debug|Any CPU
		{B97694C2-5888-4290-B200-8E53379B0CB9}.Debug|x86.Build.0 = Debug|Any CPU
		{B97694C2-5888-4290-B200-8E53379B0CB9}.Release|Any CPU.ActiveCfg = Release|Any CPU
		{B97694C2-5888-4290-B200-8E53379B0CB9}.Release|Any CPU.Build.0 = Release|Any CPU
		{B97694C2-5888-4290-B200-8E53379B0CB9}.Release|x64.ActiveCfg = Release|Any CPU
		{B97694C2-5888-4290-B200-8E53379B0CB9}.Release|x64.Build.0 = Release|Any CPU
		{B97694C2-5888-4290-B200-8E53379B0CB9}.Release|x86.ActiveCfg = Release|Any CPU
		{B97694C2-5888-4290-B200-8E53379B0CB9}.Release|x86.Build.0 = Release|Any CPU
		{0B06DC78-EAEA-419B-819E-B37B7D64F1FA}.Debug|Any CPU.ActiveCfg = Debug|Any CPU
		{0B06DC78-EAEA-419B-819E-B37B7D64F1FA}.Debug|Any CPU.Build.0 = Debug|Any CPU
		{0B06DC78-EAEA-419B-819E-B37B7D64F1FA}.Debug|x64.ActiveCfg = Debug|Any CPU
		{0B06DC78-EAEA-419B-819E-B37B7D64F1FA}.Debug|x64.Build.0 = Debug|Any CPU
		{0B06DC78-EAEA-419B-819E-B37B7D64F1FA}.Debug|x86.ActiveCfg = Debug|Any CPU
		{0B06DC78-EAEA-419B-819E-B37B7D64F1FA}.Debug|x86.Build.0 = Debug|Any CPU
		{0B06DC78-EAEA-419B-819E-B37B7D64F1FA}.Release|Any CPU.ActiveCfg = Release|Any CPU
		{0B06DC78-EAEA-419B-819E-B37B7D64F1FA}.Release|Any CPU.Build.0 = Release|Any CPU
		{0B06DC78-EAEA-419B-819E-B37B7D64F1FA}.Release|x64.ActiveCfg = Release|Any CPU
		{0B06DC78-EAEA-419B-819E-B37B7D64F1FA}.Release|x64.Build.0 = Release|Any CPU
		{0B06DC78-EAEA-419B-819E-B37B7D64F1FA}.Release|x86.ActiveCfg = Release|Any CPU
		{0B06DC78-EAEA-419B-819E-B37B7D64F1FA}.Release|x86.Build.0 = Release|Any CPU
		{80FA55EA-C6B1-48D3-B335-7B797A792491}.Debug|Any CPU.ActiveCfg = Debug|Any CPU
		{80FA55EA-C6B1-48D3-B335-7B797A792491}.Debug|Any CPU.Build.0 = Debug|Any CPU
		{80FA55EA-C6B1-48D3-B335-7B797A792491}.Debug|x64.ActiveCfg = Debug|Any CPU
		{80FA55EA-C6B1-48D3-B335-7B797A792491}.Debug|x64.Build.0 = Debug|Any CPU
		{80FA55EA-C6B1-48D3-B335-7B797A792491}.Debug|x86.ActiveCfg = Debug|Any CPU
		{80FA55EA-C6B1-48D3-B335-7B797A792491}.Debug|x86.Build.0 = Debug|Any CPU
		{80FA55EA-C6B1-48D3-B335-7B797A792491}.Release|Any CPU.ActiveCfg = Release|Any CPU
		{80FA55EA-C6B1-48D3-B335-7B797A792491}.Release|Any CPU.Build.0 = Release|Any CPU
		{80FA55EA-C6B1-48D3-B335-7B797A792491}.Release|x64.ActiveCfg = Release|Any CPU
		{80FA55EA-C6B1-48D3-B335-7B797A792491}.Release|x64.Build.0 = Release|Any CPU
		{80FA55EA-C6B1-48D3-B335-7B797A792491}.Release|x86.ActiveCfg = Release|Any CPU
		{80FA55EA-C6B1-48D3-B335-7B797A792491}.Release|x86.Build.0 = Release|Any CPU
		{D062B8A3-9811-484D-AC0D-55D4D5450BC9}.Debug|Any CPU.ActiveCfg = Debug|Any CPU
		{D062B8A3-9811-484D-AC0D-55D4D5450BC9}.Debug|Any CPU.Build.0 = Debug|Any CPU
		{D062B8A3-9811-484D-AC0D-55D4D5450BC9}.Debug|x64.ActiveCfg = Debug|Any CPU
		{D062B8A3-9811-484D-AC0D-55D4D5450BC9}.Debug|x64.Build.0 = Debug|Any CPU
		{D062B8A3-9811-484D-AC0D-55D4D5450BC9}.Debug|x86.ActiveCfg = Debug|Any CPU
		{D062B8A3-9811-484D-AC0D-55D4D5450BC9}.Debug|x86.Build.0 = Debug|Any CPU
		{D062B8A3-9811-484D-AC0D-55D4D5450BC9}.Release|Any CPU.ActiveCfg = Release|Any CPU
		{D062B8A3-9811-484D-AC0D-55D4D5450BC9}.Release|Any CPU.Build.0 = Release|Any CPU
		{D062B8A3-9811-484D-AC0D-55D4D5450BC9}.Release|x64.ActiveCfg = Release|Any CPU
		{D062B8A3-9811-484D-AC0D-55D4D5450BC9}.Release|x64.Build.0 = Release|Any CPU
		{D062B8A3-9811-484D-AC0D-55D4D5450BC9}.Release|x86.ActiveCfg = Release|Any CPU
		{D062B8A3-9811-484D-AC0D-55D4D5450BC9}.Release|x86.Build.0 = Release|Any CPU
		{4FDF9FC6-3051-4D76-BE97-97C2A82F42EF}.Debug|Any CPU.ActiveCfg = Debug|Any CPU
		{4FDF9FC6-3051-4D76-BE97-97C2A82F42EF}.Debug|Any CPU.Build.0 = Debug|Any CPU
		{4FDF9FC6-3051-4D76-BE97-97C2A82F42EF}.Debug|x64.ActiveCfg = Debug|Any CPU
		{4FDF9FC6-3051-4D76-BE97-97C2A82F42EF}.Debug|x64.Build.0 = Debug|Any CPU
		{4FDF9FC6-3051-4D76-BE97-97C2A82F42EF}.Debug|x86.ActiveCfg = Debug|Any CPU
		{4FDF9FC6-3051-4D76-BE97-97C2A82F42EF}.Debug|x86.Build.0 = Debug|Any CPU
		{4FDF9FC6-3051-4D76-BE97-97C2A82F42EF}.Release|Any CPU.ActiveCfg = Release|Any CPU
		{4FDF9FC6-3051-4D76-BE97-97C2A82F42EF}.Release|Any CPU.Build.0 = Release|Any CPU
		{4FDF9FC6-3051-4D76-BE97-97C2A82F42EF}.Release|x64.ActiveCfg = Release|Any CPU
		{4FDF9FC6-3051-4D76-BE97-97C2A82F42EF}.Release|x64.Build.0 = Release|Any CPU
		{4FDF9FC6-3051-4D76-BE97-97C2A82F42EF}.Release|x86.ActiveCfg = Release|Any CPU
		{4FDF9FC6-3051-4D76-BE97-97C2A82F42EF}.Release|x86.Build.0 = Release|Any CPU
		{84E79C49-62E9-479F-817B-1D6FEFF6D984}.Debug|Any CPU.ActiveCfg = Debug|Any CPU
		{84E79C49-62E9-479F-817B-1D6FEFF6D984}.Debug|Any CPU.Build.0 = Debug|Any CPU
		{84E79C49-62E9-479F-817B-1D6FEFF6D984}.Debug|x64.ActiveCfg = Debug|Any CPU
		{84E79C49-62E9-479F-817B-1D6FEFF6D984}.Debug|x64.Build.0 = Debug|Any CPU
		{84E79C49-62E9-479F-817B-1D6FEFF6D984}.Debug|x86.ActiveCfg = Debug|Any CPU
		{84E79C49-62E9-479F-817B-1D6FEFF6D984}.Debug|x86.Build.0 = Debug|Any CPU
		{84E79C49-62E9-479F-817B-1D6FEFF6D984}.Release|Any CPU.ActiveCfg = Release|Any CPU
		{84E79C49-62E9-479F-817B-1D6FEFF6D984}.Release|Any CPU.Build.0 = Release|Any CPU
		{84E79C49-62E9-479F-817B-1D6FEFF6D984}.Release|x64.ActiveCfg = Release|Any CPU
		{84E79C49-62E9-479F-817B-1D6FEFF6D984}.Release|x64.Build.0 = Release|Any CPU
		{84E79C49-62E9-479F-817B-1D6FEFF6D984}.Release|x86.ActiveCfg = Release|Any CPU
		{84E79C49-62E9-479F-817B-1D6FEFF6D984}.Release|x86.Build.0 = Release|Any CPU
		{677493AF-718B-459C-85BE-97DDC698FA0B}.Debug|Any CPU.ActiveCfg = Debug|Any CPU
		{677493AF-718B-459C-85BE-97DDC698FA0B}.Debug|Any CPU.Build.0 = Debug|Any CPU
		{677493AF-718B-459C-85BE-97DDC698FA0B}.Debug|x64.ActiveCfg = Debug|Any CPU
		{677493AF-718B-459C-85BE-97DDC698FA0B}.Debug|x64.Build.0 = Debug|Any CPU
		{677493AF-718B-459C-85BE-97DDC698FA0B}.Debug|x86.ActiveCfg = Debug|Any CPU
		{677493AF-718B-459C-85BE-97DDC698FA0B}.Debug|x86.Build.0 = Debug|Any CPU
		{677493AF-718B-459C-85BE-97DDC698FA0B}.Release|Any CPU.ActiveCfg = Release|Any CPU
		{677493AF-718B-459C-85BE-97DDC698FA0B}.Release|Any CPU.Build.0 = Release|Any CPU
		{677493AF-718B-459C-85BE-97DDC698FA0B}.Release|x64.ActiveCfg = Release|Any CPU
		{677493AF-718B-459C-85BE-97DDC698FA0B}.Release|x64.Build.0 = Release|Any CPU
		{677493AF-718B-459C-85BE-97DDC698FA0B}.Release|x86.ActiveCfg = Release|Any CPU
		{677493AF-718B-459C-85BE-97DDC698FA0B}.Release|x86.Build.0 = Release|Any CPU
		{CEE66BBB-8FC7-4238-AA03-62E82FB5E0B0}.Debug|Any CPU.ActiveCfg = Debug|Any CPU
		{CEE66BBB-8FC7-4238-AA03-62E82FB5E0B0}.Debug|Any CPU.Build.0 = Debug|Any CPU
		{CEE66BBB-8FC7-4238-AA03-62E82FB5E0B0}.Debug|x64.ActiveCfg = Debug|Any CPU
		{CEE66BBB-8FC7-4238-AA03-62E82FB5E0B0}.Debug|x64.Build.0 = Debug|Any CPU
		{CEE66BBB-8FC7-4238-AA03-62E82FB5E0B0}.Debug|x86.ActiveCfg = Debug|Any CPU
		{CEE66BBB-8FC7-4238-AA03-62E82FB5E0B0}.Debug|x86.Build.0 = Debug|Any CPU
		{CEE66BBB-8FC7-4238-AA03-62E82FB5E0B0}.Release|Any CPU.ActiveCfg = Release|Any CPU
		{CEE66BBB-8FC7-4238-AA03-62E82FB5E0B0}.Release|Any CPU.Build.0 = Release|Any CPU
		{CEE66BBB-8FC7-4238-AA03-62E82FB5E0B0}.Release|x64.ActiveCfg = Release|Any CPU
		{CEE66BBB-8FC7-4238-AA03-62E82FB5E0B0}.Release|x64.Build.0 = Release|Any CPU
		{CEE66BBB-8FC7-4238-AA03-62E82FB5E0B0}.Release|x86.ActiveCfg = Release|Any CPU
		{CEE66BBB-8FC7-4238-AA03-62E82FB5E0B0}.Release|x86.Build.0 = Release|Any CPU
		{3813ECFE-9B09-47ED-8D71-40DE378B719C}.Debug|Any CPU.ActiveCfg = Debug|Any CPU
		{3813ECFE-9B09-47ED-8D71-40DE378B719C}.Debug|Any CPU.Build.0 = Debug|Any CPU
		{3813ECFE-9B09-47ED-8D71-40DE378B719C}.Debug|x64.ActiveCfg = Debug|Any CPU
		{3813ECFE-9B09-47ED-8D71-40DE378B719C}.Debug|x64.Build.0 = Debug|Any CPU
		{3813ECFE-9B09-47ED-8D71-40DE378B719C}.Debug|x86.ActiveCfg = Debug|Any CPU
		{3813ECFE-9B09-47ED-8D71-40DE378B719C}.Debug|x86.Build.0 = Debug|Any CPU
		{3813ECFE-9B09-47ED-8D71-40DE378B719C}.Release|Any CPU.ActiveCfg = Release|Any CPU
		{3813ECFE-9B09-47ED-8D71-40DE378B719C}.Release|Any CPU.Build.0 = Release|Any CPU
		{3813ECFE-9B09-47ED-8D71-40DE378B719C}.Release|x64.ActiveCfg = Release|Any CPU
		{3813ECFE-9B09-47ED-8D71-40DE378B719C}.Release|x64.Build.0 = Release|Any CPU
		{3813ECFE-9B09-47ED-8D71-40DE378B719C}.Release|x86.ActiveCfg = Release|Any CPU
		{3813ECFE-9B09-47ED-8D71-40DE378B719C}.Release|x86.Build.0 = Release|Any CPU
		{7E1F4F17-CAAF-4DA1-87DE-DA340CFE7798}.Debug|Any CPU.ActiveCfg = Debug|Any CPU
		{7E1F4F17-CAAF-4DA1-87DE-DA340CFE7798}.Debug|Any CPU.Build.0 = Debug|Any CPU
		{7E1F4F17-CAAF-4DA1-87DE-DA340CFE7798}.Debug|x64.ActiveCfg = Debug|Any CPU
		{7E1F4F17-CAAF-4DA1-87DE-DA340CFE7798}.Debug|x64.Build.0 = Debug|Any CPU
		{7E1F4F17-CAAF-4DA1-87DE-DA340CFE7798}.Debug|x86.ActiveCfg = Debug|Any CPU
		{7E1F4F17-CAAF-4DA1-87DE-DA340CFE7798}.Debug|x86.Build.0 = Debug|Any CPU
		{7E1F4F17-CAAF-4DA1-87DE-DA340CFE7798}.Release|Any CPU.ActiveCfg = Release|Any CPU
		{7E1F4F17-CAAF-4DA1-87DE-DA340CFE7798}.Release|Any CPU.Build.0 = Release|Any CPU
		{7E1F4F17-CAAF-4DA1-87DE-DA340CFE7798}.Release|x64.ActiveCfg = Release|Any CPU
		{7E1F4F17-CAAF-4DA1-87DE-DA340CFE7798}.Release|x64.Build.0 = Release|Any CPU
		{7E1F4F17-CAAF-4DA1-87DE-DA340CFE7798}.Release|x86.ActiveCfg = Release|Any CPU
		{7E1F4F17-CAAF-4DA1-87DE-DA340CFE7798}.Release|x86.Build.0 = Release|Any CPU
		{6C184BA8-885D-4C96-AB51-E284CB9DB050}.Debug|Any CPU.ActiveCfg = Debug|Any CPU
		{6C184BA8-885D-4C96-AB51-E284CB9DB050}.Debug|Any CPU.Build.0 = Debug|Any CPU
		{6C184BA8-885D-4C96-AB51-E284CB9DB050}.Debug|x64.ActiveCfg = Debug|Any CPU
		{6C184BA8-885D-4C96-AB51-E284CB9DB050}.Debug|x64.Build.0 = Debug|Any CPU
		{6C184BA8-885D-4C96-AB51-E284CB9DB050}.Debug|x86.ActiveCfg = Debug|Any CPU
		{6C184BA8-885D-4C96-AB51-E284CB9DB050}.Debug|x86.Build.0 = Debug|Any CPU
		{6C184BA8-885D-4C96-AB51-E284CB9DB050}.Release|Any CPU.ActiveCfg = Release|Any CPU
		{6C184BA8-885D-4C96-AB51-E284CB9DB050}.Release|Any CPU.Build.0 = Release|Any CPU
		{6C184BA8-885D-4C96-AB51-E284CB9DB050}.Release|x64.ActiveCfg = Release|Any CPU
		{6C184BA8-885D-4C96-AB51-E284CB9DB050}.Release|x64.Build.0 = Release|Any CPU
		{6C184BA8-885D-4C96-AB51-E284CB9DB050}.Release|x86.ActiveCfg = Release|Any CPU
		{6C184BA8-885D-4C96-AB51-E284CB9DB050}.Release|x86.Build.0 = Release|Any CPU
		{DF148628-8836-4DA4-84AB-A7AEECF84AB0}.Debug|Any CPU.ActiveCfg = Debug|Any CPU
		{DF148628-8836-4DA4-84AB-A7AEECF84AB0}.Debug|Any CPU.Build.0 = Debug|Any CPU
		{DF148628-8836-4DA4-84AB-A7AEECF84AB0}.Debug|x64.ActiveCfg = Debug|Any CPU
		{DF148628-8836-4DA4-84AB-A7AEECF84AB0}.Debug|x64.Build.0 = Debug|Any CPU
		{DF148628-8836-4DA4-84AB-A7AEECF84AB0}.Debug|x86.ActiveCfg = Debug|Any CPU
		{DF148628-8836-4DA4-84AB-A7AEECF84AB0}.Debug|x86.Build.0 = Debug|Any CPU
		{DF148628-8836-4DA4-84AB-A7AEECF84AB0}.Release|Any CPU.ActiveCfg = Release|Any CPU
		{DF148628-8836-4DA4-84AB-A7AEECF84AB0}.Release|Any CPU.Build.0 = Release|Any CPU
		{DF148628-8836-4DA4-84AB-A7AEECF84AB0}.Release|x64.ActiveCfg = Release|Any CPU
		{DF148628-8836-4DA4-84AB-A7AEECF84AB0}.Release|x64.Build.0 = Release|Any CPU
		{DF148628-8836-4DA4-84AB-A7AEECF84AB0}.Release|x86.ActiveCfg = Release|Any CPU
		{DF148628-8836-4DA4-84AB-A7AEECF84AB0}.Release|x86.Build.0 = Release|Any CPU
		{2BA8F3F5-193B-451B-9695-1A775541C3E1}.Debug|Any CPU.ActiveCfg = Debug|Any CPU
		{2BA8F3F5-193B-451B-9695-1A775541C3E1}.Debug|Any CPU.Build.0 = Debug|Any CPU
		{2BA8F3F5-193B-451B-9695-1A775541C3E1}.Debug|x64.ActiveCfg = Debug|Any CPU
		{2BA8F3F5-193B-451B-9695-1A775541C3E1}.Debug|x64.Build.0 = Debug|Any CPU
		{2BA8F3F5-193B-451B-9695-1A775541C3E1}.Debug|x86.ActiveCfg = Debug|Any CPU
		{2BA8F3F5-193B-451B-9695-1A775541C3E1}.Debug|x86.Build.0 = Debug|Any CPU
		{2BA8F3F5-193B-451B-9695-1A775541C3E1}.Release|Any CPU.ActiveCfg = Release|Any CPU
		{2BA8F3F5-193B-451B-9695-1A775541C3E1}.Release|Any CPU.Build.0 = Release|Any CPU
		{2BA8F3F5-193B-451B-9695-1A775541C3E1}.Release|x64.ActiveCfg = Release|Any CPU
		{2BA8F3F5-193B-451B-9695-1A775541C3E1}.Release|x64.Build.0 = Release|Any CPU
		{2BA8F3F5-193B-451B-9695-1A775541C3E1}.Release|x86.ActiveCfg = Release|Any CPU
		{2BA8F3F5-193B-451B-9695-1A775541C3E1}.Release|x86.Build.0 = Release|Any CPU
		{A8CD853E-BFFD-498C-9F34-530F0B1667A9}.Debug|Any CPU.ActiveCfg = Debug|Any CPU
		{A8CD853E-BFFD-498C-9F34-530F0B1667A9}.Debug|Any CPU.Build.0 = Debug|Any CPU
		{A8CD853E-BFFD-498C-9F34-530F0B1667A9}.Debug|x64.ActiveCfg = Debug|Any CPU
		{A8CD853E-BFFD-498C-9F34-530F0B1667A9}.Debug|x64.Build.0 = Debug|Any CPU
		{A8CD853E-BFFD-498C-9F34-530F0B1667A9}.Debug|x86.ActiveCfg = Debug|Any CPU
		{A8CD853E-BFFD-498C-9F34-530F0B1667A9}.Debug|x86.Build.0 = Debug|Any CPU
		{A8CD853E-BFFD-498C-9F34-530F0B1667A9}.Release|Any CPU.ActiveCfg = Release|Any CPU
		{A8CD853E-BFFD-498C-9F34-530F0B1667A9}.Release|Any CPU.Build.0 = Release|Any CPU
		{A8CD853E-BFFD-498C-9F34-530F0B1667A9}.Release|x64.ActiveCfg = Release|Any CPU
		{A8CD853E-BFFD-498C-9F34-530F0B1667A9}.Release|x64.Build.0 = Release|Any CPU
		{A8CD853E-BFFD-498C-9F34-530F0B1667A9}.Release|x86.ActiveCfg = Release|Any CPU
		{A8CD853E-BFFD-498C-9F34-530F0B1667A9}.Release|x86.Build.0 = Release|Any CPU
		{E1476DEB-A17A-46C4-B4C8-567586292393}.Debug|Any CPU.ActiveCfg = Debug|Any CPU
		{E1476DEB-A17A-46C4-B4C8-567586292393}.Debug|Any CPU.Build.0 = Debug|Any CPU
		{E1476DEB-A17A-46C4-B4C8-567586292393}.Debug|x64.ActiveCfg = Debug|Any CPU
		{E1476DEB-A17A-46C4-B4C8-567586292393}.Debug|x64.Build.0 = Debug|Any CPU
		{E1476DEB-A17A-46C4-B4C8-567586292393}.Debug|x86.ActiveCfg = Debug|Any CPU
		{E1476DEB-A17A-46C4-B4C8-567586292393}.Debug|x86.Build.0 = Debug|Any CPU
		{E1476DEB-A17A-46C4-B4C8-567586292393}.Release|Any CPU.ActiveCfg = Release|Any CPU
		{E1476DEB-A17A-46C4-B4C8-567586292393}.Release|Any CPU.Build.0 = Release|Any CPU
		{E1476DEB-A17A-46C4-B4C8-567586292393}.Release|x64.ActiveCfg = Release|Any CPU
		{E1476DEB-A17A-46C4-B4C8-567586292393}.Release|x64.Build.0 = Release|Any CPU
		{E1476DEB-A17A-46C4-B4C8-567586292393}.Release|x86.ActiveCfg = Release|Any CPU
		{E1476DEB-A17A-46C4-B4C8-567586292393}.Release|x86.Build.0 = Release|Any CPU
		{6F1C4B6B-C572-465C-B161-42FBE1EA38BC}.Debug|Any CPU.ActiveCfg = Debug|Any CPU
		{6F1C4B6B-C572-465C-B161-42FBE1EA38BC}.Debug|Any CPU.Build.0 = Debug|Any CPU
		{6F1C4B6B-C572-465C-B161-42FBE1EA38BC}.Debug|x64.ActiveCfg = Debug|Any CPU
		{6F1C4B6B-C572-465C-B161-42FBE1EA38BC}.Debug|x64.Build.0 = Debug|Any CPU
		{6F1C4B6B-C572-465C-B161-42FBE1EA38BC}.Debug|x86.ActiveCfg = Debug|Any CPU
		{6F1C4B6B-C572-465C-B161-42FBE1EA38BC}.Debug|x86.Build.0 = Debug|Any CPU
		{6F1C4B6B-C572-465C-B161-42FBE1EA38BC}.Release|Any CPU.ActiveCfg = Release|Any CPU
		{6F1C4B6B-C572-465C-B161-42FBE1EA38BC}.Release|Any CPU.Build.0 = Release|Any CPU
		{6F1C4B6B-C572-465C-B161-42FBE1EA38BC}.Release|x64.ActiveCfg = Release|Any CPU
		{6F1C4B6B-C572-465C-B161-42FBE1EA38BC}.Release|x64.Build.0 = Release|Any CPU
		{6F1C4B6B-C572-465C-B161-42FBE1EA38BC}.Release|x86.ActiveCfg = Release|Any CPU
		{6F1C4B6B-C572-465C-B161-42FBE1EA38BC}.Release|x86.Build.0 = Release|Any CPU
		{BDFA57DB-2BF7-4C1B-B529-DB0618D00A36}.Debug|Any CPU.ActiveCfg = Debug|Any CPU
		{BDFA57DB-2BF7-4C1B-B529-DB0618D00A36}.Debug|Any CPU.Build.0 = Debug|Any CPU
		{BDFA57DB-2BF7-4C1B-B529-DB0618D00A36}.Debug|x64.ActiveCfg = Debug|Any CPU
		{BDFA57DB-2BF7-4C1B-B529-DB0618D00A36}.Debug|x64.Build.0 = Debug|Any CPU
		{BDFA57DB-2BF7-4C1B-B529-DB0618D00A36}.Debug|x86.ActiveCfg = Debug|Any CPU
		{BDFA57DB-2BF7-4C1B-B529-DB0618D00A36}.Debug|x86.Build.0 = Debug|Any CPU
		{BDFA57DB-2BF7-4C1B-B529-DB0618D00A36}.Release|Any CPU.ActiveCfg = Release|Any CPU
		{BDFA57DB-2BF7-4C1B-B529-DB0618D00A36}.Release|Any CPU.Build.0 = Release|Any CPU
		{BDFA57DB-2BF7-4C1B-B529-DB0618D00A36}.Release|x64.ActiveCfg = Release|Any CPU
		{BDFA57DB-2BF7-4C1B-B529-DB0618D00A36}.Release|x64.Build.0 = Release|Any CPU
		{BDFA57DB-2BF7-4C1B-B529-DB0618D00A36}.Release|x86.ActiveCfg = Release|Any CPU
		{BDFA57DB-2BF7-4C1B-B529-DB0618D00A36}.Release|x86.Build.0 = Release|Any CPU
		{6230E900-BE4C-42F9-8E6B-F4B7FD957058}.Debug|Any CPU.ActiveCfg = Debug|Any CPU
		{6230E900-BE4C-42F9-8E6B-F4B7FD957058}.Debug|Any CPU.Build.0 = Debug|Any CPU
		{6230E900-BE4C-42F9-8E6B-F4B7FD957058}.Debug|x64.ActiveCfg = Debug|Any CPU
		{6230E900-BE4C-42F9-8E6B-F4B7FD957058}.Debug|x64.Build.0 = Debug|Any CPU
		{6230E900-BE4C-42F9-8E6B-F4B7FD957058}.Debug|x86.ActiveCfg = Debug|Any CPU
		{6230E900-BE4C-42F9-8E6B-F4B7FD957058}.Debug|x86.Build.0 = Debug|Any CPU
		{6230E900-BE4C-42F9-8E6B-F4B7FD957058}.Release|Any CPU.ActiveCfg = Release|Any CPU
		{6230E900-BE4C-42F9-8E6B-F4B7FD957058}.Release|Any CPU.Build.0 = Release|Any CPU
		{6230E900-BE4C-42F9-8E6B-F4B7FD957058}.Release|x64.ActiveCfg = Release|Any CPU
		{6230E900-BE4C-42F9-8E6B-F4B7FD957058}.Release|x64.Build.0 = Release|Any CPU
		{6230E900-BE4C-42F9-8E6B-F4B7FD957058}.Release|x86.ActiveCfg = Release|Any CPU
		{6230E900-BE4C-42F9-8E6B-F4B7FD957058}.Release|x86.Build.0 = Release|Any CPU
		{C3FACEC0-D2FD-49FD-887F-2E6BE75B5FAF}.Debug|Any CPU.ActiveCfg = Debug|Any CPU
		{C3FACEC0-D2FD-49FD-887F-2E6BE75B5FAF}.Debug|Any CPU.Build.0 = Debug|Any CPU
		{C3FACEC0-D2FD-49FD-887F-2E6BE75B5FAF}.Debug|x64.ActiveCfg = Debug|Any CPU
		{C3FACEC0-D2FD-49FD-887F-2E6BE75B5FAF}.Debug|x64.Build.0 = Debug|Any CPU
		{C3FACEC0-D2FD-49FD-887F-2E6BE75B5FAF}.Debug|x86.ActiveCfg = Debug|Any CPU
		{C3FACEC0-D2FD-49FD-887F-2E6BE75B5FAF}.Debug|x86.Build.0 = Debug|Any CPU
		{C3FACEC0-D2FD-49FD-887F-2E6BE75B5FAF}.Release|Any CPU.ActiveCfg = Release|Any CPU
		{C3FACEC0-D2FD-49FD-887F-2E6BE75B5FAF}.Release|Any CPU.Build.0 = Release|Any CPU
		{C3FACEC0-D2FD-49FD-887F-2E6BE75B5FAF}.Release|x64.ActiveCfg = Release|Any CPU
		{C3FACEC0-D2FD-49FD-887F-2E6BE75B5FAF}.Release|x64.Build.0 = Release|Any CPU
		{C3FACEC0-D2FD-49FD-887F-2E6BE75B5FAF}.Release|x86.ActiveCfg = Release|Any CPU
		{C3FACEC0-D2FD-49FD-887F-2E6BE75B5FAF}.Release|x86.Build.0 = Release|Any CPU
		{298BACF1-7008-4052-939B-9F3686562304}.Debug|Any CPU.ActiveCfg = Debug|Any CPU
		{298BACF1-7008-4052-939B-9F3686562304}.Debug|Any CPU.Build.0 = Debug|Any CPU
		{298BACF1-7008-4052-939B-9F3686562304}.Debug|x64.ActiveCfg = Debug|Any CPU
		{298BACF1-7008-4052-939B-9F3686562304}.Debug|x64.Build.0 = Debug|Any CPU
		{298BACF1-7008-4052-939B-9F3686562304}.Debug|x86.ActiveCfg = Debug|Any CPU
		{298BACF1-7008-4052-939B-9F3686562304}.Debug|x86.Build.0 = Debug|Any CPU
		{298BACF1-7008-4052-939B-9F3686562304}.Release|Any CPU.ActiveCfg = Release|Any CPU
		{298BACF1-7008-4052-939B-9F3686562304}.Release|Any CPU.Build.0 = Release|Any CPU
		{298BACF1-7008-4052-939B-9F3686562304}.Release|x64.ActiveCfg = Release|Any CPU
		{298BACF1-7008-4052-939B-9F3686562304}.Release|x64.Build.0 = Release|Any CPU
		{298BACF1-7008-4052-939B-9F3686562304}.Release|x86.ActiveCfg = Release|Any CPU
		{298BACF1-7008-4052-939B-9F3686562304}.Release|x86.Build.0 = Release|Any CPU
	EndGlobalSection
	GlobalSection(SolutionProperties) = preSolution
		HideSolutionNode = FALSE
	EndGlobalSection
	GlobalSection(NestedProjects) = preSolution
		{48AF861F-1D4A-4B42-A6EF-B7B516EC72B3} = {D40E1178-37B4-45EE-AF92-A1D16819D634}
		{B535A5B4-1CD8-46C8-B5EF-AFB2DB4F52EC} = {CCB7D418-5E29-43E8-92CE-3B9DFF8F8CCE}
		{B97694C2-5888-4290-B200-8E53379B0CB9} = {D40E1178-37B4-45EE-AF92-A1D16819D634}
		{0B06DC78-EAEA-419B-819E-B37B7D64F1FA} = {D40E1178-37B4-45EE-AF92-A1D16819D634}
		{80FA55EA-C6B1-48D3-B335-7B797A792491} = {D40E1178-37B4-45EE-AF92-A1D16819D634}
		{D062B8A3-9811-484D-AC0D-55D4D5450BC9} = {D40E1178-37B4-45EE-AF92-A1D16819D634}
		{4FDF9FC6-3051-4D76-BE97-97C2A82F42EF} = {D40E1178-37B4-45EE-AF92-A1D16819D634}
		{84E79C49-62E9-479F-817B-1D6FEFF6D984} = {D40E1178-37B4-45EE-AF92-A1D16819D634}
		{677493AF-718B-459C-85BE-97DDC698FA0B} = {D40E1178-37B4-45EE-AF92-A1D16819D634}
		{CEE66BBB-8FC7-4238-AA03-62E82FB5E0B0} = {D40E1178-37B4-45EE-AF92-A1D16819D634}
		{3813ECFE-9B09-47ED-8D71-40DE378B719C} = {D40E1178-37B4-45EE-AF92-A1D16819D634}
		{7E1F4F17-CAAF-4DA1-87DE-DA340CFE7798} = {D40E1178-37B4-45EE-AF92-A1D16819D634}
		{6C184BA8-885D-4C96-AB51-E284CB9DB050} = {D40E1178-37B4-45EE-AF92-A1D16819D634}
		{DF148628-8836-4DA4-84AB-A7AEECF84AB0} = {D40E1178-37B4-45EE-AF92-A1D16819D634}
		{2BA8F3F5-193B-451B-9695-1A775541C3E1} = {D40E1178-37B4-45EE-AF92-A1D16819D634}
		{A8CD853E-BFFD-498C-9F34-530F0B1667A9} = {D40E1178-37B4-45EE-AF92-A1D16819D634}
		{E1476DEB-A17A-46C4-B4C8-567586292393} = {D40E1178-37B4-45EE-AF92-A1D16819D634}
		{6F1C4B6B-C572-465C-B161-42FBE1EA38BC} = {D40E1178-37B4-45EE-AF92-A1D16819D634}
		{BDFA57DB-2BF7-4C1B-B529-DB0618D00A36} = {CCB7D418-5E29-43E8-92CE-3B9DFF8F8CCE}
		{6230E900-BE4C-42F9-8E6B-F4B7FD957058} = {CCB7D418-5E29-43E8-92CE-3B9DFF8F8CCE}
		{C3FACEC0-D2FD-49FD-887F-2E6BE75B5FAF} = {CCB7D418-5E29-43E8-92CE-3B9DFF8F8CCE}
		{298BACF1-7008-4052-939B-9F3686562304} = {CCB7D418-5E29-43E8-92CE-3B9DFF8F8CCE}
	EndGlobalSection
	GlobalSection(ExtensibilityGlobals) = postSolution
		SolutionGuid = {0CCD70C9-1A72-4AFF-B523-E8CE18D7AFA6}
	EndGlobalSection
EndGlobal
